{
  "name": "clase33.npm",
  "version": "1.0.0",
  "lockfileVersion": 3,
  "requires": true,
  "packages": {
    "": {
      "name": "clase33.npm",
      "version": "1.0.0",
      "license": "ISC",
      "dependencies": {
        "40305ossaluda": "^0.1.0"
      }
    },
    "node_modules/40305ossaluda": {
      "version": "0.1.1",
      "resolved": "https://registry.npmjs.org/40305ossaluda/-/40305ossaluda-0.1.1.tgz",
      "integrity": "sha512-JdWL+QzItMOlbnBM0vq1EnAt4I/WwfkepTFAWqCOIEbJ30gWWT5p2LHt2UB307mEPr4QDI3bQhxdo16txNRMDw=="
    }
  }
}
